
Microsoft Visual Studio Solution File, Format Version 12.00
# Visual Studio Version 17
VisualStudioVersion = 17.2.32519.379
MinimumVisualStudioVersion = 10.0.40219.1
Project("{9A19103F-16F7-4668-BE54-9A1E7A4F7556}") = "PlatformService", "PlatformService\PlatformService.csproj", "{59133E18-1644-4E95-8DD9-3914AEE77C95}"
EndProject
Project("{FAE04EC0-301F-11D3-BF4B-00C04F79EFBC}") = "CommandService", "CommandService\CommandService.csproj", "{8F626AFC-9423-44FA-8565-A266ECEC2D3D}"
EndProject
Global
	GlobalSection(SolutionConfigurationPlatforms) = preSolution
		Debug|Any CPU = Debug|Any CPU
		Release|Any CPU = Release|Any CPU
	EndGlobalSection
	GlobalSection(ProjectConfigurationPlatforms) = postSolution
		{59133E18-1644-4E95-8DD9-3914AEE77C95}.Debug|Any CPU.ActiveCfg = Debug|Any CPU
		{59133E18-1644-4E95-8DD9-3914AEE77C95}.Debug|Any CPU.Build.0 = Debug|Any CPU
		{59133E18-1644-4E95-8DD9-3914AEE77C95}.Release|Any CPU.ActiveCfg = Release|Any CPU
		{59133E18-1644-4E95-8DD9-3914AEE77C95}.Release|Any CPU.Build.0 = Release|Any CPU
		{8F626AFC-9423-44FA-8565-A266ECEC2D3D}.Debug|Any CPU.ActiveCfg = Debug|Any CPU
		{8F626AFC-9423-44FA-8565-A266ECEC2D3D}.Debug|Any CPU.Build.0 = Debug|Any CPU
		{8F626AFC-9423-44FA-8565-A266ECEC2D3D}.Release|Any CPU.ActiveCfg = Release|Any CPU
		{8F626AFC-9423-44FA-8565-A266ECEC2D3D}.Release|Any CPU.Build.0 = Release|Any CPU
	EndGlobalSection
	GlobalSection(SolutionProperties) = preSolution
		HideSolutionNode = FALSE
	EndGlobalSection
	GlobalSection(ExtensibilityGlobals) = postSolution
		SolutionGuid = {BD9D8A65-803B-4259-B9A7-B8BA8F14EFDA}
	EndGlobalSection
EndGlobal
